// !$*UTF8*$!
{
	archiveVersion = 1;
	classes = {
	};
	objectVersion = 46;
	objects = {

/* Begin PBXBuildFile section */
		4C5974C31C9DC1FD00F7B8B7 /* AppDelegate.swift in Sources */ = {isa = PBXBuildFile; fileRef = 4C5974C21C9DC1FD00F7B8B7 /* AppDelegate.swift */; };
		4C5974C51C9DC1FD00F7B8B7 /* MasterViewController.swift in Sources */ = {isa = PBXBuildFile; fileRef = 4C5974C41C9DC1FD00F7B8B7 /* MasterViewController.swift */; };
		4C5974C71C9DC1FD00F7B8B7 /* DetailViewController.swift in Sources */ = {isa = PBXBuildFile; fileRef = 4C5974C61C9DC1FD00F7B8B7 /* DetailViewController.swift */; };
		4C5974CA1C9DC1FD00F7B8B7 /* Main.storyboard in Resources */ = {isa = PBXBuildFile; fileRef = 4C5974C81C9DC1FD00F7B8B7 /* Main.storyboard */; };
		4C5974CC1C9DC1FD00F7B8B7 /* Assets.xcassets in Resources */ = {isa = PBXBuildFile; fileRef = 4C5974CB1C9DC1FD00F7B8B7 /* Assets.xcassets */; };
		4C5974CF1C9DC1FD00F7B8B7 /* LaunchScreen.storyboard in Resources */ = {isa = PBXBuildFile; fileRef = 4C5974CD1C9DC1FD00F7B8B7 /* LaunchScreen.storyboard */; };
		4C5974D91C9DC2CE00F7B8B7 /* libMNAVChapters.a in Frameworks */ = {isa = PBXBuildFile; fileRef = 4C5974D81C9DC2CE00F7B8B7 /* libMNAVChapters.a */; };
		4C5974DD1C9DC88400F7B8B7 /* episodes.json in Resources */ = {isa = PBXBuildFile; fileRef = 4C5974DC1C9DC88400F7B8B7 /* episodes.json */; };
/* End PBXBuildFile section */

/* Begin PBXFileReference section */
		4C5974BF1C9DC1FD00F7B8B7 /* MNAVChaptersExample.app */ = {isa = PBXFileReference; explicitFileType = wrapper.application; includeInIndex = 0; path = MNAVChaptersExample.app; sourceTree = BUILT_PRODUCTS_DIR; };
		4C5974C21C9DC1FD00F7B8B7 /* AppDelegate.swift */ = {isa = PBXFileReference; lastKnownFileType = sourcecode.swift; path = AppDelegate.swift; sourceTree = "<group>"; };
		4C5974C41C9DC1FD00F7B8B7 /* MasterViewController.swift */ = {isa = PBXFileReference; lastKnownFileType = sourcecode.swift; path = MasterViewController.swift; sourceTree = "<group>"; };
		4C5974C61C9DC1FD00F7B8B7 /* DetailViewController.swift */ = {isa = PBXFileReference; lastKnownFileType = sourcecode.swift; path = DetailViewController.swift; sourceTree = "<group>"; };
		4C5974C91C9DC1FD00F7B8B7 /* Base */ = {isa = PBXFileReference; lastKnownFileType = file.storyboard; name = Base; path = Base.lproj/Main.storyboard; sourceTree = "<group>"; };
		4C5974CB1C9DC1FD00F7B8B7 /* Assets.xcassets */ = {isa = PBXFileReference; lastKnownFileType = folder.assetcatalog; path = Assets.xcassets; sourceTree = "<group>"; };
		4C5974CE1C9DC1FD00F7B8B7 /* Base */ = {isa = PBXFileReference; lastKnownFileType = file.storyboard; name = Base; path = Base.lproj/LaunchScreen.storyboard; sourceTree = "<group>"; };
		4C5974D01C9DC1FD00F7B8B7 /* Info.plist */ = {isa = PBXFileReference; lastKnownFileType = text.plist.xml; path = Info.plist; sourceTree = "<group>"; };
		4C5974D71C9DC21D00F7B8B7 /* MNAVChapters-Bridging-Header.h */ = {isa = PBXFileReference; fileEncoding = 4; lastKnownFileType = sourcecode.c.h; path = "MNAVChapters-Bridging-Header.h"; sourceTree = "<group>"; };
		4C5974D81C9DC2CE00F7B8B7 /* libMNAVChapters.a */ = {isa = PBXFileReference; lastKnownFileType = archive.ar; name = libMNAVChapters.a; path = "../build/Debug-iphoneos/libMNAVChapters.a"; sourceTree = "<group>"; };
		4C5974DC1C9DC88400F7B8B7 /* episodes.json */ = {isa = PBXFileReference; fileEncoding = 4; lastKnownFileType = text.json; path = episodes.json; sourceTree = "<group>"; };
/* End PBXFileReference section */

/* Begin PBXFrameworksBuildPhase section */
		4C5974BC1C9DC1FD00F7B8B7 /* Frameworks */ = {
			isa = PBXFrameworksBuildPhase;
			buildActionMask = 2147483647;
			files = (
				4C5974D91C9DC2CE00F7B8B7 /* libMNAVChapters.a in Frameworks */,
			);
			runOnlyForDeploymentPostprocessing = 0;
		};
/* End PBXFrameworksBuildPhase section */

/* Begin PBXGroup section */
		4C5974B61C9DC1FD00F7B8B7 = {
			isa = PBXGroup;
			children = (
				4C5974D81C9DC2CE00F7B8B7 /* libMNAVChapters.a */,
				4C5974C11C9DC1FD00F7B8B7 /* MNAVChaptersExample */,
				4C5974C01C9DC1FD00F7B8B7 /* Products */,
			);
			sourceTree = "<group>";
		};
		4C5974C01C9DC1FD00F7B8B7 /* Products */ = {
			isa = PBXGroup;
			children = (
				4C5974BF1C9DC1FD00F7B8B7 /* MNAVChaptersExample.app */,
			);
			name = Products;
			sourceTree = "<group>";
		};
		4C5974C11C9DC1FD00F7B8B7 /* MNAVChaptersExample */ = {
			isa = PBXGroup;
			children = (
				4C5974C21C9DC1FD00F7B8B7 /* AppDelegate.swift */,
				4C5974C41C9DC1FD00F7B8B7 /* MasterViewController.swift */,
				4C5974C61C9DC1FD00F7B8B7 /* DetailViewController.swift */,
				4C5974D71C9DC21D00F7B8B7 /* MNAVChapters-Bridging-Header.h */,
				4C5974C81C9DC1FD00F7B8B7 /* Main.storyboard */,
				4C5974CB1C9DC1FD00F7B8B7 /* Assets.xcassets */,
				4C5974CD1C9DC1FD00F7B8B7 /* LaunchScreen.storyboard */,
				4C5974DC1C9DC88400F7B8B7 /* episodes.json */,
				4C5974D01C9DC1FD00F7B8B7 /* Info.plist */,
			);
			path = MNAVChaptersExample;
			sourceTree = "<group>";
		};
/* End PBXGroup section */

/* Begin PBXNativeTarget section */
		4C5974BE1C9DC1FD00F7B8B7 /* MNAVChaptersExample */ = {
			isa = PBXNativeTarget;
			buildConfigurationList = 4C5974D31C9DC1FD00F7B8B7 /* Build configuration list for PBXNativeTarget "MNAVChaptersExample" */;
			buildPhases = (
				4C5974BB1C9DC1FD00F7B8B7 /* Sources */,
				4C5974BC1C9DC1FD00F7B8B7 /* Frameworks */,
				4C5974BD1C9DC1FD00F7B8B7 /* Resources */,
			);
			buildRules = (
			);
			dependencies = (
			);
			name = MNAVChaptersExample;
			productName = MNAVChaptersExample;
			productReference = 4C5974BF1C9DC1FD00F7B8B7 /* MNAVChaptersExample.app */;
			productType = "com.apple.product-type.application";
		};
/* End PBXNativeTarget section */

/* Begin PBXProject section */
		4C5974B71C9DC1FD00F7B8B7 /* Project object */ = {
			isa = PBXProject;
			attributes = {
				LastSwiftUpdateCheck = 0720;
				LastUpgradeCheck = 0930;
				ORGANIZATIONNAME = "Michael Nisi";
				TargetAttributes = {
					4C5974BE1C9DC1FD00F7B8B7 = {
						CreatedOnToolsVersion = 7.2.1;
					};
				};
			};
			buildConfigurationList = 4C5974BA1C9DC1FD00F7B8B7 /* Build configuration list for PBXProject "MNAVChaptersExample" */;
			compatibilityVersion = "Xcode 3.2";
			developmentRegion = English;
			hasScannedForEncodings = 0;
			knownRegions = (
				en,
				Base,
			);
			mainGroup = 4C5974B61C9DC1FD00F7B8B7;
			productRefGroup = 4C5974C01C9DC1FD00F7B8B7 /* Products */;
			projectDirPath = "";
			projectRoot = "";
			targets = (
				4C5974BE1C9DC1FD00F7B8B7 /* MNAVChaptersExample */,
			);
		};
/* End PBXProject section */

/* Begin PBXResourcesBuildPhase section */
		4C5974BD1C9DC1FD00F7B8B7 /* Resources */ = {
			isa = PBXResourcesBuildPhase;
			buildActionMask = 2147483647;
			files = (
				4C5974CF1C9DC1FD00F7B8B7 /* LaunchScreen.storyboard in Resources */,
				4C5974DD1C9DC88400F7B8B7 /* episodes.json in Resources */,
				4C5974CC1C9DC1FD00F7B8B7 /* Assets.xcassets in Resources */,
				4C5974CA1C9DC1FD00F7B8B7 /* Main.storyboard in Resources */,
			);
			runOnlyForDeploymentPostprocessing = 0;
		};
/* End PBXResourcesBuildPhase section */

/* Begin PBXSourcesBuildPhase section */
		4C5974BB1C9DC1FD00F7B8B7 /* Sources */ = {
			isa = PBXSourcesBuildPhase;
			buildActionMask = 2147483647;
			files = (
				4C5974C71C9DC1FD00F7B8B7 /* DetailViewController.swift in Sources */,
				4C5974C51C9DC1FD00F7B8B7 /* MasterViewController.swift in Sources */,
				4C5974C31C9DC1FD00F7B8B7 /* AppDelegate.swift in Sources */,
			);
			runOnlyForDeploymentPostprocessing = 0;
		};
/* End PBXSourcesBuildPhase section */

/* Begin PBXVariantGroup section */
		4C5974C81C9DC1FD00F7B8B7 /* Main.storyboard */ = {
			isa = PBXVariantGroup;
			children = (
				4C5974C91C9DC1FD00F7B8B7 /* Base */,
			);
			name = Main.storyboard;
			sourceTree = "<group>";
		};
		4C5974CD1C9DC1FD00F7B8B7 /* LaunchScreen.storyboard */ = {
			isa = PBXVariantGroup;
			children = (
				4C5974CE1C9DC1FD00F7B8B7 /* Base */,
			);
			name = LaunchScreen.storyboard;
			sourceTree = "<group>";
		};
/* End PBXVariantGroup section */

/* Begin XCBuildConfiguration section */
		4C5974D11C9DC1FD00F7B8B7 /* Debug */ = {
			isa = XCBuildConfiguration;
			buildSettings = {
				ALWAYS_SEARCH_USER_PATHS = NO;
				CLANG_CXX_LANGUAGE_STANDARD = "gnu++0x";
				CLANG_CXX_LIBRARY = "libc++";
				CLANG_ENABLE_MODULES = YES;
				CLANG_ENABLE_OBJC_ARC = YES;
				CLANG_WARN_BLOCK_CAPTURE_AUTORELEASING = YES;
				CLANG_WARN_BOOL_CONVERSION = YES;
				CLANG_WARN_COMMA = YES;
				CLANG_WARN_CONSTANT_CONVERSION = YES;
				CLANG_WARN_DEPRECATED_OBJC_IMPLEMENTATIONS = YES;
				CLANG_WARN_DIRECT_OBJC_ISA_USAGE = YES_ERROR;
				CLANG_WARN_EMPTY_BODY = YES;
				CLANG_WARN_ENUM_CONVERSION = YES;
				CLANG_WARN_INFINITE_RECURSION = YES;
				CLANG_WARN_INT_CONVERSION = YES;
				CLANG_WARN_NON_LITERAL_NULL_CONVERSION = YES;
				CLANG_WARN_OBJC_IMPLICIT_RETAIN_SELF = YES;
				CLANG_WARN_OBJC_LITERAL_CONVERSION = YES;
				CLANG_WARN_OBJC_ROOT_CLASS = YES_ERROR;
				CLANG_WARN_RANGE_LOOP_ANALYSIS = YES;
				CLANG_WARN_STRICT_PROTOTYPES = YES;
				CLANG_WARN_SUSPICIOUS_MOVE = YES;
				CLANG_WARN_UNREACHABLE_CODE = YES;
				CLANG_WARN__DUPLICATE_METHOD_MATCH = YES;
				"CODE_SIGN_IDENTITY[sdk=iphoneos*]" = "iPhone Developer";
				COPY_PHASE_STRIP = NO;
				DEBUG_INFORMATION_FORMAT = dwarf;
				ENABLE_STRICT_OBJC_MSGSEND = YES;
				ENABLE_TESTABILITY = YES;
				GCC_C_LANGUAGE_STANDARD = gnu99;
				GCC_DYNAMIC_NO_PIC = NO;
				GCC_NO_COMMON_BLOCKS = YES;
				GCC_OPTIMIZATION_LEVEL = 0;
				GCC_PREPROCESSOR_DEFINITIONS = (
					"DEBUG=1",
					"$(inherited)",
				);
				GCC_WARN_64_TO_32_BIT_CONVERSION = YES;
				GCC_WARN_ABOUT_RETURN_TYPE = YES_ERROR;
				GCC_WARN_UNDECLARED_SELECTOR = YES;
				GCC_WARN_UNINITIALIZED_AUTOS = YES_AGGRESSIVE;
				GCC_WARN_UNUSED_FUNCTION = YES;
				GCC_WARN_UNUSED_VARIABLE = YES;
				IPHONEOS_DEPLOYMENT_TARGET = 9.2;
				MTL_ENABLE_DEBUG_INFO = YES;
				ONLY_ACTIVE_ARCH = YES;
				SDKROOT = iphoneos;
				SWIFT_OPTIMIZATION_LEVEL = "-Onone";
				SWIFT_VERSION = 4.0;
				TARGETED_DEVICE_FAMILY = "1,2";
			};
			name = Debug;
		};
		4C5974D21C9DC1FD00F7B8B7 /* Release */ = {
			isa = XCBuildConfiguration;
			buildSettings = {
				ALWAYS_SEARCH_USER_PATHS = NO;
				CLANG_CXX_LANGUAGE_STANDARD = "gnu++0x";
				CLANG_CXX_LIBRARY = "libc++";
				CLANG_ENABLE_MODULES = YES;
				CLANG_ENABLE_OBJC_ARC = YES;
				CLANG_WARN_BLOCK_CAPTURE_AUTORELEASING = YES;
				CLANG_WARN_BOOL_CONVERSION = YES;
				CLANG_WARN_COMMA = YES;
				CLANG_WARN_CONSTANT_CONVERSION = YES;
				CLANG_WARN_DEPRECATED_OBJC_IMPLEMENTATIONS = YES;
				CLANG_WARN_DIRECT_OBJC_ISA_USAGE = YES_ERROR;
				CLANG_WARN_EMPTY_BODY = YES;
				CLANG_WARN_ENUM_CONVERSION = YES;
				CLANG_WARN_INFINITE_RECURSION = YES;
				CLANG_WARN_INT_CONVERSION = YES;
				CLANG_WARN_NON_LITERAL_NULL_CONVERSION = YES;
				CLANG_WARN_OBJC_IMPLICIT_RETAIN_SELF = YES;
				CLANG_WARN_OBJC_LITERAL_CONVERSION = YES;
				CLANG_WARN_OBJC_ROOT_CLASS = YES_ERROR;
				CLANG_WARN_RANGE_LOOP_ANALYSIS = YES;
				CLANG_WARN_STRICT_PROTOTYPES = YES;
				CLANG_WARN_SUSPICIOUS_MOVE = YES;
				CLANG_WARN_UNREACHABLE_CODE = YES;
				CLANG_WARN__DUPLICATE_METHOD_MATCH = YES;
				"CODE_SIGN_IDENTITY[sdk=iphoneos*]" = "iPhone Developer";
				COPY_PHASE_STRIP = NO;
				DEBUG_INFORMATION_FORMAT = "dwarf-with-dsym";
				ENABLE_NS_ASSERTIONS = NO;
				ENABLE_STRICT_OBJC_MSGSEND = YES;
				GCC_C_LANGUAGE_STANDARD = gnu99;
				GCC_NO_COMMON_BLOCKS = YES;
				GCC_WARN_64_TO_32_BIT_CONVERSION = YES;
				GCC_WARN_ABOUT_RETURN_TYPE = YES_ERROR;
				GCC_WARN_UNDECLARED_SELECTOR = YES;
				GCC_WARN_UNINITIALIZED_AUTOS = YES_AGGRESSIVE;
				GCC_WARN_UNUSED_FUNCTION = YES;
				GCC_WARN_UNUSED_VARIABLE = YES;
				IPHONEOS_DEPLOYMENT_TARGET = 9.2;
				MTL_ENABLE_DEBUG_INFO = NO;
				SDKROOT = iphoneos;
				SWIFT_COMPILATION_MODE = wholemodule;
				SWIFT_VERSION = 4.0;
				TARGETED_DEVICE_FAMILY = "1,2";
				VALIDATE_PRODUCT = YES;
			};
			name = Release;
		};
		4C5974D41C9DC1FD00F7B8B7 /* Debug */ = {
			isa = XCBuildConfiguration;
			buildSettings = {
				ASSETCATALOG_COMPILER_APPICON_NAME = AppIcon;
				INFOPLIST_FILE = MNAVChaptersExample/Info.plist;
				LD_RUNPATH_SEARCH_PATHS = "$(inherited) @executable_path/Frameworks";
				PRODUCT_BUNDLE_IDENTIFIER = com.michaelnisi.MNAVChaptersExample;
				PRODUCT_NAME = "$(TARGET_NAME)";
				SWIFT_OBJC_BRIDGING_HEADER = "$(SRCROOT)/MNAVChaptersExample/MNAVChapters-Bridging-Header.h";
				SWIFT_VERSION = 3.0;
			};
			name = Debug;
		};
		4C5974D51C9DC1FD00F7B8B7 /* Release */ = {
			isa = XCBuildConfiguration;
			buildSettings = {
				ASSETCATALOG_COMPILER_APPICON_NAME = AppIcon;
				INFOPLIST_FILE = MNAVChaptersExample/Info.plist;
				LD_RUNPATH_SEARCH_PATHS = "$(inherited) @executable_path/Frameworks";
				PRODUCT_BUNDLE_IDENTIFIER = com.michaelnisi.MNAVChaptersExample;
				PRODUCT_NAME = "$(TARGET_NAME)";
				SWIFT_OBJC_BRIDGING_HEADER = "$(SRCROOT)/MNAVChaptersExample/MNAVChapters-Bridging-Header.h";
				SWIFT_VERSION = 3.0;
			};
			name = Release;
		};
/* End XCBuildConfiguration section */

/* Begin XCConfigurationList section */
		4C5974BA1C9DC1FD00F7B8B7 /* Build configuration list for PBXProject "MNAVChaptersExample" */ = {
			isa = XCConfigurationList;
			buildConfigurations = (
				4C5974D11C9DC1FD00F7B8B7 /* Debug */,
				4C5974D21C9DC1FD00F7B8B7 /* Release */,
			);
			defaultConfigurationIsVisible = 0;
			defaultConfigurationName = Release;
		};
		4C5974D31C9DC1FD00F7B8B7 /* Build configuration list for PBXNativeTarget "MNAVChaptersExample" */ = {
			isa = XCConfigurationList;
			buildConfigurations = (
				4C5974D41C9DC1FD00F7B8B7 /* Debug */,
				4C5974D51C9DC1FD00F7B8B7 /* Release */,
			);
			defaultConfigurationIsVisible = 0;
			defaultConfigurationName = Release;
		};
/* End XCConfigurationList section */
	};
	rootObject = 4C5974B71C9DC1FD00F7B8B7 /* Project object */;
}
